
Microsoft Visual Studio Solution File, Format Version 11.00
# Visual Studio 2010
Project("{FAE04EC0-301F-11D3-BF4B-00C04F79EFBC}") = "PaintIn3D", "PaintIn3D.csproj", "{b34fdd76-faa7-c015-aa03-96875bf6ec86}"
EndProject
Project("{FAE04EC0-301F-11D3-BF4B-00C04F79EFBC}") = "Assembly-CSharp", "Assembly-CSharp.csproj", "{34966fcb-be3a-7092-3e99-a40fd7c036bd}"
EndProject
Project("{FAE04EC0-301F-11D3-BF4B-00C04F79EFBC}") = "Assembly-CSharp-Editor", "Assembly-CSharp-Editor.csproj", "{aa9f509f-4c61-34d7-90f0-08561e884b6c}"
EndProject
Global
	GlobalSection(SolutionConfigurationPlatforms) = preSolution
		Debug|Any CPU = Debug|Any CPU
	EndGlobalSection
	GlobalSection(ProjectConfigurationPlatforms) = postSolution
		{b34fdd76-faa7-c015-aa03-96875bf6ec86}.Debug|Any CPU.ActiveCfg = Debug|Any CPU
		{b34fdd76-faa7-c015-aa03-96875bf6ec86}.Debug|Any CPU.Build.0 = Debug|Any CPU
		{34966fcb-be3a-7092-3e99-a40fd7c036bd}.Debug|Any CPU.ActiveCfg = Debug|Any CPU
		{34966fcb-be3a-7092-3e99-a40fd7c036bd}.Debug|Any CPU.Build.0 = Debug|Any CPU
		{aa9f509f-4c61-34d7-90f0-08561e884b6c}.Debug|Any CPU.ActiveCfg = Debug|Any CPU
		{aa9f509f-4c61-34d7-90f0-08561e884b6c}.Debug|Any CPU.Build.0 = Debug|Any CPU
	EndGlobalSection
	GlobalSection(SolutionProperties) = preSolution
		HideSolutionNode = FALSE
	EndGlobalSection
EndGlobal
